
Microsoft Visual Studio Solution File, Format Version 12.00
# Visual Studio Version 16
VisualStudioVersion = 16.0.29613.14
MinimumVisualStudioVersion = 10.0.40219.1
Project("{9A19103F-16F7-4668-BE54-9A1E7A4F7556}") = "MarioImport", "MarioImport\MarioImport.csproj", "{4E490110-BD82-425C-B557-C06B2A42423C}"
EndProject
Project("{9A19103F-16F7-4668-BE54-9A1E7A4F7556}") = "CSV MarioSplitter", "CSV MarioSplitter\CSV MarioSplitter.csproj", "{07EA1B1F-CCAD-48A1-A778-457B9E3C966E}"
EndProject
Global
	GlobalSection(SolutionConfigurationPlatforms) = preSolution
		Debug|Any CPU = Debug|Any CPU
		Release|Any CPU = Release|Any CPU
	EndGlobalSection
	GlobalSection(ProjectConfigurationPlatforms) = postSolution
		{4E490110-BD82-425C-B557-C06B2A42423C}.Debug|Any CPU.ActiveCfg = Debug|Any CPU
		{4E490110-BD82-425C-B557-C06B2A42423C}.Debug|Any CPU.Build.0 = Debug|Any CPU
		{4E490110-BD82-425C-B557-C06B2A42423C}.Release|Any CPU.ActiveCfg = Release|Any CPU
		{4E490110-BD82-425C-B557-C06B2A42423C}.Release|Any CPU.Build.0 = Release|Any CPU
		{07EA1B1F-CCAD-48A1-A778-457B9E3C966E}.Debug|Any CPU.ActiveCfg = Debug|Any CPU
		{07EA1B1F-CCAD-48A1-A778-457B9E3C966E}.Debug|Any CPU.Build.0 = Debug|Any CPU
		{07EA1B1F-CCAD-48A1-A778-457B9E3C966E}.Release|Any CPU.ActiveCfg = Release|Any CPU
		{07EA1B1F-CCAD-48A1-A778-457B9E3C966E}.Release|Any CPU.Build.0 = Release|Any CPU
	EndGlobalSection
	GlobalSection(SolutionProperties) = preSolution
		HideSolutionNode = FALSE
	EndGlobalSection
	GlobalSection(ExtensibilityGlobals) = postSolution
		SolutionGuid = {F53C3B6F-4FCC-4CF5-A528-DBDAFD4264E4}
	EndGlobalSection
EndGlobal
